
Microsoft Visual Studio Solution File, Format Version 12.00
# Visual Studio Version 17
VisualStudioVersion = 17.9.34723.18
MinimumVisualStudioVersion = 10.0.40219.1
Project("{FAE04EC0-301F-11D3-BF4B-00C04F79EFBC}") = "WindowsFormsApp1", "WindowsFormsApp1.csproj", "{745DE2CF-22D0-4758-8227-E00E48D1E35A}"
EndProject
Global
	GlobalSection(SolutionConfigurationPlatforms) = preSolution
		Debug|Any CPU = Debug|Any CPU
		Release|Any CPU = Release|Any CPU
	EndGlobalSection
	GlobalSection(ProjectConfigurationPlatforms) = postSolution
		{745DE2CF-22D0-4758-8227-E00E48D1E35A}.Debug|Any CPU.ActiveCfg = Debug|Any CPU
		{745DE2CF-22D0-4758-8227-E00E48D1E35A}.Debug|Any CPU.Build.0 = Debug|Any CPU
		{745DE2CF-22D0-4758-8227-E00E48D1E35A}.Release|Any CPU.ActiveCfg = Release|Any CPU
		{745DE2CF-22D0-4758-8227-E00E48D1E35A}.Release|Any CPU.Build.0 = Release|Any CPU
	EndGlobalSection
	GlobalSection(SolutionProperties) = preSolution
		HideSolutionNode = FALSE
	EndGlobalSection
	GlobalSection(ExtensibilityGlobals) = postSolution
		SolutionGuid = {680716D8-334E-4C22-BD8E-057E8B730BBA}
	EndGlobalSection
EndGlobal
